
Microsoft Visual Studio Solution File, Format Version 12.00
# Visual Studio 14
VisualStudioVersion = 14.0.25420.1
MinimumVisualStudioVersion = 10.0.40219.1
Project("{FAE04EC0-301F-11D3-BF4B-00C04F79EFBC}") = "WpfApplication1", "WpfApplication1\WpfApplication1.csproj", "{E4FAE46E-051B-439D-8798-1042B6392688}"
EndProject
Global
	GlobalSection(SolutionConfigurationPlatforms) = preSolution
		Debug|Any CPU = Debug|Any CPU
		Release|Any CPU = Release|Any CPU
	EndGlobalSection
	GlobalSection(ProjectConfigurationPlatforms) = postSolution
		{E4FAE46E-051B-439D-8798-1042B6392688}.Debug|Any CPU.ActiveCfg = Debug|Any CPU
		{E4FAE46E-051B-439D-8798-1042B6392688}.Debug|Any CPU.Build.0 = Debug|Any CPU
		{E4FAE46E-051B-439D-8798-1042B6392688}.Release|Any CPU.ActiveCfg = Release|Any CPU
		{E4FAE46E-051B-439D-8798-1042B6392688}.Release|Any CPU.Build.0 = Release|Any CPU
	EndGlobalSection
	GlobalSection(SolutionProperties) = preSolution
		HideSolutionNode = FALSE
	EndGlobalSection
EndGlobal
